
Microsoft Visual Studio Solution File, Format Version 12.00
# Visual Studio Version 17
VisualStudioVersion = 17.8.34511.84
MinimumVisualStudioVersion = 10.0.40219.1
Project("{FAE04EC0-301F-11D3-BF4B-00C04F79EFBC}") = "Dz_PhoneShop", "Dz_PhoneShop\Dz_PhoneShop.csproj", "{6C0FAB4B-8835-4DD9-B202-580E4F96D851}"
EndProject
Global
	GlobalSection(SolutionConfigurationPlatforms) = preSolution
		Debug|Any CPU = Debug|Any CPU
		Release|Any CPU = Release|Any CPU
	EndGlobalSection
	GlobalSection(ProjectConfigurationPlatforms) = postSolution
		{6C0FAB4B-8835-4DD9-B202-580E4F96D851}.Debug|Any CPU.ActiveCfg = Debug|Any CPU
		{6C0FAB4B-8835-4DD9-B202-580E4F96D851}.Debug|Any CPU.Build.0 = Debug|Any CPU
		{6C0FAB4B-8835-4DD9-B202-580E4F96D851}.Release|Any CPU.ActiveCfg = Release|Any CPU
		{6C0FAB4B-8835-4DD9-B202-580E4F96D851}.Release|Any CPU.Build.0 = Release|Any CPU
	EndGlobalSection
	GlobalSection(SolutionProperties) = preSolution
		HideSolutionNode = FALSE
	EndGlobalSection
	GlobalSection(ExtensibilityGlobals) = postSolution
		SolutionGuid = {467E252D-FEE2-4B12-AE79-F01D21B182D6}
	EndGlobalSection
EndGlobal
